PODS:
  - Flutter (1.0.0)
  - flutter_boost (0.0.2):
    - Flutter
  - FlutterPluginRegistrant (0.0.1):
    - Flutter
    - flutter_boost
    - path_provider
    - sqflite
  - FMDB (2.7.5):
    - FMDB/standard (= 2.7.5)
  - FMDB/standard (2.7.5)
  - path_provider (0.0.1):
    - Flutter
  - sqflite (0.0.1):
    - Flutter
    - FMDB (~> 2.7.2)

DEPENDENCIES:
  - Flutter (from `./../my_flutter/.ios/Flutter/engine`)
  - flutter_boost (from `./../my_flutter/.ios/Flutter/.symlinks/flutter_boost/ios`)
  - FlutterPluginRegistrant (from `./../my_flutter/.ios/Flutter/FlutterPluginRegistrant`)
  - path_provider (from `./../my_flutter/.ios/Flutter/.symlinks/path_provider/ios`)
  - sqflite (from `./../my_flutter/.ios/Flutter/.symlinks/sqflite/ios`)

SPEC REPOS:
  trunk:
    - FMDB

EXTERNAL SOURCES:
  Flutter:
    :path: "./../my_flutter/.ios/Flutter/engine"
  flutter_boost:
    :path: "./../my_flutter/.ios/Flutter/.symlinks/flutter_boost/ios"
  FlutterPluginRegistrant:
    :path: "./../my_flutter/.ios/Flutter/FlutterPluginRegistrant"
  path_provider:
    :path: "./../my_flutter/.ios/Flutter/.symlinks/path_provider/ios"
  sqflite:
    :path: "./../my_flutter/.ios/Flutter/.symlinks/sqflite/ios"

SPEC CHECKSUMS:
  Flutter: 58dd7d1b27887414a370fcccb9e645c08ffd7a6a
  flutter_boost: a7cfa776b75329d5e7d101d0cd33e75042bcde69
  FlutterPluginRegistrant: d129cd5523eaf9915b533cc1318e007abae75038
  FMDB: 2ce00b547f966261cd18927a3ddb07cb6f3db82a
  path_provider: fb74bd0465e96b594bb3b5088ee4a4e7bb1f2a9d
  sqflite: ff1d9da63c06588cc8d1faf7256d741f16989d5a

PODFILE CHECKSUM: 8d6dfa87f2c3ab4415ede00706873fb909f0588c

COCOAPODS: 1.8.4
